# novo.lock — auto-generated by novo pkg, do not edit

[calendar-nv]
source = "registry"
url = "https://registry.novo-lang.org"
req = "^0.0.2"
version = "0.0.2"
hash = "96409f46f3946d4b40437754edc7e8a6f044521cfe286f5723ff10205a581f48"

[rrule-nv]
source = "registry"
url = "https://registry.novo-lang.org"
req = "^0.0.1"
version = "0.0.1"
hash = "51e395f6147eb3b85270f5d6643748b1e99412fa9192ed66f57e2408ca824f9f"
